version = 1
requires-python = ">=3.12"

[[package]]
name = "neo4j"
version = "5.27.0"
source = { registry = "https://pypi.org/simple" }
dependencies = [
    { name = "pytz" },
]
sdist = { url = "https://files.pythonhosted.org/packages/9c/b6/31ed9f3df8b948aecd31952193b803cd2007551f2f81aaa60d264e8d1950/neo4j-5.27.0.tar.gz", hash = "sha256:f82ee807cd15b178898d83f41a66372e11719a25dd487fd7bea48fd4b7323765", size = 223803 }
wheels = [
    { url = "https://files.pythonhosted.org/packages/f7/9a/cec819e5887804896db67b13215682b15e6f9201d9cf63890fee2b9a29e9/neo4j-5.27.0-py3-none-any.whl", hash = "sha256:929c14b9e5341267324eca170b39d1798b032bffacc26a0529eacaf678ae483f", size = 301679 },
]

[[package]]
name = "neo4j-extension"
version = "0.1.0"
source = { virtual = "." }
dependencies = [
    { name = "neo4j" },
]

[package.metadata]
requires-dist = [{ name = "neo4j", specifier = ">=5.27.0" }]

[[package]]
name = "pytz"
version = "2024.2"
source = { registry = "https://pypi.org/simple" }
sdist = { url = "https://files.pythonhosted.org/packages/3a/31/3c70bf7603cc2dca0f19bdc53b4537a797747a58875b552c8c413d963a3f/pytz-2024.2.tar.gz", hash = "sha256:2aa355083c50a0f93fa581709deac0c9ad65cca8a9e9beac660adcbd493c798a", size = 319692 }
wheels = [
    { url = "https://files.pythonhosted.org/packages/11/c3/005fcca25ce078d2cc29fd559379817424e94885510568bc1bc53d7d5846/pytz-2024.2-py2.py3-none-any.whl", hash = "sha256:31c7c1817eb7fae7ca4b8c7ee50c72f93aa2dd863de768e1ef4245d426aa0725", size = 508002 },
]
