version = 1
requires-python = ">=3.12"

[[package]]
name = "neo4j"
version = "5.27.0"
source = { registry = "https://pypi.org/simple" }
dependencies = [
    { name = "pytz" },
]
sdist = { url = "https://files.pythonhosted.org/packages/9c/b6/31ed9f3df8b948aecd31952193b803cd2007551f2f81aaa60d264e8d1950/neo4j-5.27.0.tar.gz", hash = "sha256:f82ee807cd15b178898d83f41a66372e11719a25dd487fd7bea48fd4b7323765", size = 223803 }
wheels = [
    { url = "https://files.pythonhosted.org/packages/f7/9a/cec819e5887804896db67b13215682b15e6f9201d9cf63890fee2b9a29e9/neo4j-5.27.0-py3-none-any.whl", hash = "sha256:929c14b9e5341267324eca170b39d1798b032bffacc26a0529eacaf678ae483f", size = 301679 },
]

[[package]]
name = "neo4j-extension"
version = "0.1.0"
source = { virtual = "." }
dependencies = [
    { name = "neo4j" },
    { name = "neo4j-rust-ext" },
]

[package.metadata]
requires-dist = [
    { name = "neo4j", specifier = ">=5.27.0" },
    { name = "neo4j-rust-ext", specifier = ">=5.27.0.0" },
]

[[package]]
name = "neo4j-rust-ext"
version = "5.27.0.0"
source = { registry = "https://pypi.org/simple" }
dependencies = [
    { name = "neo4j" },
]
sdist = { url = "https://files.pythonhosted.org/packages/9d/b3/f4ae64287f4c041335eed1c2e723024470e20015e58de54ac3dea97cef51/neo4j_rust_ext-5.27.0.0.tar.gz", hash = "sha256:ef6a62db24a222994e1582af4e1e4f3745f5e03d1e3cdd6b7027d6e975cd0018", size = 16466 }
wheels = [
    { url = "https://files.pythonhosted.org/packages/55/7d/b65e7bb6dc01b60584052413967094969f670dad3706beacc1919fda05fa/neo4j_rust_ext-5.27.0.0-cp312-cp312-macosx_10_12_x86_64.whl", hash = "sha256:41cc8dc69d17f3e1b9450d21395831837df124cf5646b04969f0d4656790efb6", size = 685369 },
    { url = "https://files.pythonhosted.org/packages/89/94/2aa33666ef5c28e9ec4e2329aef8d319c0e425614e3888fbe77bbdd973f1/neo4j_rust_ext-5.27.0.0-cp312-cp312-macosx_11_0_arm64.whl", hash = "sha256:888e05ad6c10cfdbd5ea7ab604ab336bd0611fd3f0bb61b3c78605a54a44ca09", size = 685656 },
    { url = "https://files.pythonhosted.org/packages/c0/f6/8d69d0e25d1d5aead501b849c36022432e1fcea2a9abed3a2673e85b6174/neo4j_rust_ext-5.27.0.0-cp312-cp312-manylinux_2_17_aarch64.manylinux2014_aarch64.whl", hash = "sha256:18e19676d7cfa34e3a60227b96553d5dee3fc2e00ec9160e396e642bd9f7a672", size = 283615 },
    { url = "https://files.pythonhosted.org/packages/a5/12/1b6c5bdc5d1925b752ef0135f0e66c692e441d8fb7abc78bee924283fe5c/neo4j_rust_ext-5.27.0.0-cp312-cp312-manylinux_2_17_armv7l.manylinux2014_armv7l.whl", hash = "sha256:343ed6e85727bfdcff801104ac388a813c566c3b0b6bce257cae168c385ebdd1", size = 290679 },
    { url = "https://files.pythonhosted.org/packages/fe/c3/213ca02ffc96ee550e37dc0950ab5b47f716c4267a88a02056406fd7b39f/neo4j_rust_ext-5.27.0.0-cp312-cp312-manylinux_2_17_x86_64.manylinux2014_x86_64.whl", hash = "sha256:762918b093035fd225dcf15a0e9194cd7c317a5e572c607006d50cdf874dce3b", size = 285137 },
    { url = "https://files.pythonhosted.org/packages/43/17/ac879624f5e6c53b4465c532a645d0906b3f2cfa70d7462b9ddc86e229b6/neo4j_rust_ext-5.27.0.0-cp312-cp312-musllinux_1_2_x86_64.whl", hash = "sha256:baf1848b56d66c55b86a02af77fb2924d1c84966ef288cb0603371b09695bbc2", size = 453473 },
    { url = "https://files.pythonhosted.org/packages/39/33/8cf461da4b05d6f8708766a33caca4b42742c5559433f56ce66e49f6d46f/neo4j_rust_ext-5.27.0.0-cp312-none-win32.whl", hash = "sha256:96bebb0729b615f0c09c614672e79d77e94c5f6a4cb049ceaa96d7fa48ffc8e8", size = 692587 },
    { url = "https://files.pythonhosted.org/packages/7a/9d/891bc1abab8dda33bb428628df29ed11c673565b791a2597dafc7bbf68c4/neo4j_rust_ext-5.27.0.0-cp312-none-win_amd64.whl", hash = "sha256:0146f06ec157822ee12ed005b0cb79b04b72d73aaee2843cdb2fd7d0e9c51328", size = 644488 },
    { url = "https://files.pythonhosted.org/packages/6d/df/508ad5b04dba96e3d65aaf720310bd1d3a0f58220595d3241e137e034969/neo4j_rust_ext-5.27.0.0-cp312-none-win_arm64.whl", hash = "sha256:19af92be64b2cce9ab8e9913c720a1a452831c4e15c6543210b55fa06ff68c30", size = 145461 },
    { url = "https://files.pythonhosted.org/packages/9b/15/864379d15703ea8fe9ab3be95b640769780372332499540786ba2d242dec/neo4j_rust_ext-5.27.0.0-cp313-cp313-macosx_10_12_x86_64.whl", hash = "sha256:b8d22a7d86c7bbc61ac235162a5dfd05c81d2cefbfe405f1de646c7686727819", size = 684401 },
    { url = "https://files.pythonhosted.org/packages/41/10/922e83f9d1a12da353adb4718f13512b7edb023e5c95452ce079f1e4f4f4/neo4j_rust_ext-5.27.0.0-cp313-cp313-macosx_11_0_arm64.whl", hash = "sha256:26dc837a6ed449264c3ed1a1822f38b21ad6422a00e88772e1efb87168135c07", size = 685036 },
    { url = "https://files.pythonhosted.org/packages/f5/b8/89de336b2b853087129e1e4a7316aa75b58cd346d4717ef525ad6db248bb/neo4j_rust_ext-5.27.0.0-cp313-cp313-manylinux_2_17_aarch64.manylinux2014_aarch64.whl", hash = "sha256:eb6eae57dc32b0c3ac8f925d6d0fc815050c1a6875e8d3acd5f9bd6f1ef2b8a6", size = 283559 },
    { url = "https://files.pythonhosted.org/packages/79/c8/e8728c1cd673243dbd80abfda49f34bd30dbe9cf8fea00a2a92d2e6b23a5/neo4j_rust_ext-5.27.0.0-cp313-cp313-manylinux_2_17_armv7l.manylinux2014_armv7l.whl", hash = "sha256:514d92951ad230bc95a208a3bf035fbe6cf24ca8a38fb3d82aba516da68fbaa5", size = 289668 },
    { url = "https://files.pythonhosted.org/packages/f0/5d/b5a24af0bc09fddae4fc700247c0c28985595fc642bee5e1dfb15d6e36f7/neo4j_rust_ext-5.27.0.0-cp313-cp313-manylinux_2_17_x86_64.manylinux2014_x86_64.whl", hash = "sha256:0e61ba836e14a6b9d59c4b2ae54fb12cfaee06df84376f9d86f01cbb7aefc627", size = 284583 },
    { url = "https://files.pythonhosted.org/packages/59/f6/33b047c1991bb2edea408ca2f3449a5bdc2989bc35a70fd88bae47e8d3c3/neo4j_rust_ext-5.27.0.0-cp313-cp313-musllinux_1_2_x86_64.whl", hash = "sha256:c4099b893a40f8e24f3b9d20ac621a28ae8abdb8e6169b0e56f85df39cb22d65", size = 453274 },
    { url = "https://files.pythonhosted.org/packages/c2/a9/ccd910d3f0914bf653ff77e32065127eff4c7d37b958eed0be39291cdc50/neo4j_rust_ext-5.27.0.0-cp313-none-win32.whl", hash = "sha256:c02f0989485f52d35c37a0374a07e3054ef4743570c27c276fe683d2abf3d689", size = 691322 },
    { url = "https://files.pythonhosted.org/packages/b2/69/2a7cb342a67af43ff716c9a54dabf44149ed6304d737fb7efca1917734ed/neo4j_rust_ext-5.27.0.0-cp313-none-win_amd64.whl", hash = "sha256:8e3b9e5bd9ec0b88774cf81b0d817d1189b55354a333d191ce0c571b672b2399", size = 643039 },
    { url = "https://files.pythonhosted.org/packages/2f/7c/fa7ba2f4307f95a374af9f6a7eb03058ffe68b9f5ad76676368a2ab40735/neo4j_rust_ext-5.27.0.0-cp313-none-win_arm64.whl", hash = "sha256:12dc2b04f697a13a639f831c03dd58a4e0386efdc7ab03d35580e0ca710ab516", size = 145058 },
]

[[package]]
name = "pytz"
version = "2024.2"
source = { registry = "https://pypi.org/simple" }
sdist = { url = "https://files.pythonhosted.org/packages/3a/31/3c70bf7603cc2dca0f19bdc53b4537a797747a58875b552c8c413d963a3f/pytz-2024.2.tar.gz", hash = "sha256:2aa355083c50a0f93fa581709deac0c9ad65cca8a9e9beac660adcbd493c798a", size = 319692 }
wheels = [
    { url = "https://files.pythonhosted.org/packages/11/c3/005fcca25ce078d2cc29fd559379817424e94885510568bc1bc53d7d5846/pytz-2024.2-py2.py3-none-any.whl", hash = "sha256:31c7c1817eb7fae7ca4b8c7ee50c72f93aa2dd863de768e1ef4245d426aa0725", size = 508002 },
]
